
Microsoft Visual Studio Solution File, Format Version 12.00
# Visual Studio Version 17
VisualStudioVersion = 17.8.34330.188
MinimumVisualStudioVersion = 10.0.40219.1
Project("{FAE04EC0-301F-11D3-BF4B-00C04F79EFBC}") = "EmployeeProgram", "EmployeeProgram\EmployeeProgram.csproj", "{B13472FA-1DDD-44AA-A66F-F90FFAD6812B}"
EndProject
Global
	GlobalSection(SolutionConfigurationPlatforms) = preSolution
		Debug|Any CPU = Debug|Any CPU
		Release|Any CPU = Release|Any CPU
	EndGlobalSection
	GlobalSection(ProjectConfigurationPlatforms) = postSolution
		{B13472FA-1DDD-44AA-A66F-F90FFAD6812B}.Debug|Any CPU.ActiveCfg = Debug|Any CPU
		{B13472FA-1DDD-44AA-A66F-F90FFAD6812B}.Debug|Any CPU.Build.0 = Debug|Any CPU
		{B13472FA-1DDD-44AA-A66F-F90FFAD6812B}.Release|Any CPU.ActiveCfg = Release|Any CPU
		{B13472FA-1DDD-44AA-A66F-F90FFAD6812B}.Release|Any CPU.Build.0 = Release|Any CPU
	EndGlobalSection
	GlobalSection(SolutionProperties) = preSolution
		HideSolutionNode = FALSE
	EndGlobalSection
	GlobalSection(ExtensibilityGlobals) = postSolution
		SolutionGuid = {4158D592-5BC1-4445-BCB7-7CBCE1F10699}
	EndGlobalSection
EndGlobal
